
Microsoft Visual Studio Solution File, Format Version 12.00
# Visual Studio Version 17
VisualStudioVersion = 17.11.35303.130
MinimumVisualStudioVersion = 10.0.40219.1
Project("{FAE04EC0-301F-11D3-BF4B-00C04F79EFBC}") = "mapa de clases", "mapa de clases\mapa de clases.csproj", "{7AF7CA2F-F12F-43A5-BEFE-CAE68B8DFF09}"
EndProject
Global
	GlobalSection(SolutionConfigurationPlatforms) = preSolution
		Debug|Any CPU = Debug|Any CPU
		Release|Any CPU = Release|Any CPU
	EndGlobalSection
	GlobalSection(ProjectConfigurationPlatforms) = postSolution
		{7AF7CA2F-F12F-43A5-BEFE-CAE68B8DFF09}.Debug|Any CPU.ActiveCfg = Debug|Any CPU
		{7AF7CA2F-F12F-43A5-BEFE-CAE68B8DFF09}.Debug|Any CPU.Build.0 = Debug|Any CPU
		{7AF7CA2F-F12F-43A5-BEFE-CAE68B8DFF09}.Release|Any CPU.ActiveCfg = Release|Any CPU
		{7AF7CA2F-F12F-43A5-BEFE-CAE68B8DFF09}.Release|Any CPU.Build.0 = Release|Any CPU
	EndGlobalSection
	GlobalSection(SolutionProperties) = preSolution
		HideSolutionNode = FALSE
	EndGlobalSection
	GlobalSection(ExtensibilityGlobals) = postSolution
		SolutionGuid = {28157CEE-5BC7-4988-9B1F-ED97277D3394}
	EndGlobalSection
EndGlobal
